
Microsoft Visual Studio Solution File, Format Version 12.00
# Visual Studio Version 17
VisualStudioVersion = 17.2.32526.322
MinimumVisualStudioVersion = 10.0.40219.1
Project("{FAE04EC0-301F-11D3-BF4B-00C04F79EFBC}") = "osu-consulter", "osu-consulter\osu-consulter.csproj", "{AF004EFC-340D-457E-98DC-640F82ED69B4}"
EndProject
Global
	GlobalSection(SolutionConfigurationPlatforms) = preSolution
		Debug|Any CPU = Debug|Any CPU
		Release|Any CPU = Release|Any CPU
	EndGlobalSection
	GlobalSection(ProjectConfigurationPlatforms) = postSolution
		{AF004EFC-340D-457E-98DC-640F82ED69B4}.Debug|Any CPU.ActiveCfg = Debug|Any CPU
		{AF004EFC-340D-457E-98DC-640F82ED69B4}.Debug|Any CPU.Build.0 = Debug|Any CPU
		{AF004EFC-340D-457E-98DC-640F82ED69B4}.Release|Any CPU.ActiveCfg = Release|Any CPU
		{AF004EFC-340D-457E-98DC-640F82ED69B4}.Release|Any CPU.Build.0 = Release|Any CPU
	EndGlobalSection
	GlobalSection(SolutionProperties) = preSolution
		HideSolutionNode = FALSE
	EndGlobalSection
	GlobalSection(ExtensibilityGlobals) = postSolution
		SolutionGuid = {0FA00FEA-4165-40E0-BDA6-4A19E5A835E6}
	EndGlobalSection
EndGlobal
